
Microsoft Visual Studio Solution File, Format Version 12.00
# Visual Studio 15
VisualStudioVersion = 15.0.28307.102
MinimumVisualStudioVersion = 10.0.40219.1
Project("{FAE04EC0-301F-11D3-BF4B-00C04F79EFBC}") = "File Serialization and Deserialization Tool", "File Serialization and Deserialization Tool\File Serialization and Deserialization Tool.csproj", "{56881D10-5F5E-4A2D-953C-D07EA2BCAAC2}"
EndProject
Global
	GlobalSection(SolutionConfigurationPlatforms) = preSolution
		Debug|Any CPU = Debug|Any CPU
		Release|Any CPU = Release|Any CPU
	EndGlobalSection
	GlobalSection(ProjectConfigurationPlatforms) = postSolution
		{56881D10-5F5E-4A2D-953C-D07EA2BCAAC2}.Debug|Any CPU.ActiveCfg = Debug|Any CPU
		{56881D10-5F5E-4A2D-953C-D07EA2BCAAC2}.Debug|Any CPU.Build.0 = Debug|Any CPU
		{56881D10-5F5E-4A2D-953C-D07EA2BCAAC2}.Release|Any CPU.ActiveCfg = Release|Any CPU
		{56881D10-5F5E-4A2D-953C-D07EA2BCAAC2}.Release|Any CPU.Build.0 = Release|Any CPU
	EndGlobalSection
	GlobalSection(SolutionProperties) = preSolution
		HideSolutionNode = FALSE
	EndGlobalSection
	GlobalSection(ExtensibilityGlobals) = postSolution
		SolutionGuid = {DFA1A0C5-DBD6-4594-9846-1B16631D09E7}
	EndGlobalSection
EndGlobal
